
Microsoft Visual Studio Solution File, Format Version 12.00
# Visual Studio Version 17
VisualStudioVersion = 17.1.32210.238
MinimumVisualStudioVersion = 10.0.40219.1
Project("{9A19103F-16F7-4668-BE54-9A1E7A4F7556}") = "PushAlertsApi", "PushAlertsApi\PushAlertsApi.csproj", "{FC9817B0-147D-4BBD-B201-26B4E3878282}"
EndProject
Project("{9A19103F-16F7-4668-BE54-9A1E7A4F7556}") = "PushAlertsApi.Tests", "PushAlertsApi.Tests\PushAlertsApi.Tests.csproj", "{EDAC16EB-CCF1-404D-ABA6-2D73EF87EC84}"
EndProject
Global
	GlobalSection(SolutionConfigurationPlatforms) = preSolution
		Debug|Any CPU = Debug|Any CPU
		Release|Any CPU = Release|Any CPU
	EndGlobalSection
	GlobalSection(ProjectConfigurationPlatforms) = postSolution
		{FC9817B0-147D-4BBD-B201-26B4E3878282}.Debug|Any CPU.ActiveCfg = Debug|Any CPU
		{FC9817B0-147D-4BBD-B201-26B4E3878282}.Debug|Any CPU.Build.0 = Debug|Any CPU
		{FC9817B0-147D-4BBD-B201-26B4E3878282}.Release|Any CPU.ActiveCfg = Release|Any CPU
		{FC9817B0-147D-4BBD-B201-26B4E3878282}.Release|Any CPU.Build.0 = Release|Any CPU
		{EDAC16EB-CCF1-404D-ABA6-2D73EF87EC84}.Debug|Any CPU.ActiveCfg = Debug|Any CPU
		{EDAC16EB-CCF1-404D-ABA6-2D73EF87EC84}.Debug|Any CPU.Build.0 = Debug|Any CPU
		{EDAC16EB-CCF1-404D-ABA6-2D73EF87EC84}.Release|Any CPU.ActiveCfg = Release|Any CPU
		{EDAC16EB-CCF1-404D-ABA6-2D73EF87EC84}.Release|Any CPU.Build.0 = Release|Any CPU
	EndGlobalSection
	GlobalSection(SolutionProperties) = preSolution
		HideSolutionNode = FALSE
	EndGlobalSection
	GlobalSection(ExtensibilityGlobals) = postSolution
		SolutionGuid = {5C6EF8B1-CB59-4AFE-8782-B936C0F61294}
	EndGlobalSection
EndGlobal
